
Microsoft Visual Studio Solution File, Format Version 12.00
# Visual Studio Version 16
VisualStudioVersion = 16.0.29920.165
MinimumVisualStudioVersion = 10.0.40219.1
Project("{FAE04EC0-301F-11D3-BF4B-00C04F79EFBC}") = "Istemci", "Istemci\Istemci.csproj", "{F786B140-2812-48D1-B2D7-F8C7C42BCF3E}"
EndProject
Global
	GlobalSection(SolutionConfigurationPlatforms) = preSolution
		Debug|Any CPU = Debug|Any CPU
		Release|Any CPU = Release|Any CPU
	EndGlobalSection
	GlobalSection(ProjectConfigurationPlatforms) = postSolution
		{F786B140-2812-48D1-B2D7-F8C7C42BCF3E}.Debug|Any CPU.ActiveCfg = Debug|Any CPU
		{F786B140-2812-48D1-B2D7-F8C7C42BCF3E}.Debug|Any CPU.Build.0 = Debug|Any CPU
		{F786B140-2812-48D1-B2D7-F8C7C42BCF3E}.Release|Any CPU.ActiveCfg = Release|Any CPU
		{F786B140-2812-48D1-B2D7-F8C7C42BCF3E}.Release|Any CPU.Build.0 = Release|Any CPU
	EndGlobalSection
	GlobalSection(SolutionProperties) = preSolution
		HideSolutionNode = FALSE
	EndGlobalSection
	GlobalSection(ExtensibilityGlobals) = postSolution
		SolutionGuid = {E2344563-F88E-4751-853F-9F6E1C2A3FE2}
	EndGlobalSection
EndGlobal
